// !$*UTF8*$!
{
	archiveVersion = 1;
	classes = {
	};
	objectVersion = 46;
	objects = {

/* Begin PBXBuildFile section */
		4C816C8B1BF82FB200A6D930 /* AppDelegate.swift in Sources */ = {isa = PBXBuildFile; fileRef = 4C816C8A1BF82FB200A6D930 /* AppDelegate.swift */; };
		4C816C8D1BF82FB200A6D930 /* ViewController.swift in Sources */ = {isa = PBXBuildFile; fileRef = 4C816C8C1BF82FB200A6D930 /* ViewController.swift */; };
		4C816C901BF82FB200A6D930 /* Main.storyboard in Resources */ = {isa = PBXBuildFile; fileRef = 4C816C8E1BF82FB200A6D930 /* Main.storyboard */; };
		4C816C921BF82FB200A6D930 /* Assets.xcassets in Resources */ = {isa = PBXBuildFile; fileRef = 4C816C911BF82FB200A6D930 /* Assets.xcassets */; };
		4C816C951BF82FB200A6D930 /* LaunchScreen.storyboard in Resources */ = {isa = PBXBuildFile; fileRef = 4C816C931BF82FB200A6D930 /* LaunchScreen.storyboard */; };
		4C816CA01BF82FB200A6D930 /* Url_ShortenerTests.swift in Sources */ = {isa = PBXBuildFile; fileRef = 4C816C9F1BF82FB200A6D930 /* Url_ShortenerTests.swift */; };
		4C816CAB1BF82FB200A6D930 /* Url_ShortenerUITests.swift in Sources */ = {isa = PBXBuildFile; fileRef = 4C816CAA1BF82FB200A6D930 /* Url_ShortenerUITests.swift */; };
		4CA191191BF8406D002C5124 /* Url.swift in Sources */ = {isa = PBXBuildFile; fileRef = 4CA191181BF8406D002C5124 /* Url.swift */; };
		4CA191211BF84BF0002C5124 /* UrlTableCell.xib in Resources */ = {isa = PBXBuildFile; fileRef = 4CA191201BF84BF0002C5124 /* UrlTableCell.xib */; };
		4CA191231BF84BFC002C5124 /* UrlTableCell.swift in Sources */ = {isa = PBXBuildFile; fileRef = 4CA191221BF84BFC002C5124 /* UrlTableCell.swift */; };
		F80CB125C297C0D40B9E5E92 /* Pods_Url_Shortener.framework in Frameworks */ = {isa = PBXBuildFile; fileRef = 8A06BBD7593559AB3AE22E70 /* Pods_Url_Shortener.framework */; };
/* End PBXBuildFile section */

/* Begin PBXContainerItemProxy section */
		4C816C9C1BF82FB200A6D930 /* PBXContainerItemProxy */ = {
			isa = PBXContainerItemProxy;
			containerPortal = 4C816C7F1BF82FB200A6D930 /* Project object */;
			proxyType = 1;
			remoteGlobalIDString = 4C816C861BF82FB200A6D930;
			remoteInfo = "Url Shortener";
		};
		4C816CA71BF82FB200A6D930 /* PBXContainerItemProxy */ = {
			isa = PBXContainerItemProxy;
			containerPortal = 4C816C7F1BF82FB200A6D930 /* Project object */;
			proxyType = 1;
			remoteGlobalIDString = 4C816C861BF82FB200A6D930;
			remoteInfo = "Url Shortener";
		};
/* End PBXContainerItemProxy section */

/* Begin PBXFileReference section */
		4C816C871BF82FB200A6D930 /* Url Shortener.app */ = {isa = PBXFileReference; explicitFileType = wrapper.application; includeInIndex = 0; path = "Url Shortener.app"; sourceTree = BUILT_PRODUCTS_DIR; };
		4C816C8A1BF82FB200A6D930 /* AppDelegate.swift */ = {isa = PBXFileReference; lastKnownFileType = sourcecode.swift; path = AppDelegate.swift; sourceTree = "<group>"; };
		4C816C8C1BF82FB200A6D930 /* ViewController.swift */ = {isa = PBXFileReference; lastKnownFileType = sourcecode.swift; path = ViewController.swift; sourceTree = "<group>"; };
		4C816C8F1BF82FB200A6D930 /* Base */ = {isa = PBXFileReference; lastKnownFileType = file.storyboard; name = Base; path = Base.lproj/Main.storyboard; sourceTree = "<group>"; };
		4C816C911BF82FB200A6D930 /* Assets.xcassets */ = {isa = PBXFileReference; lastKnownFileType = folder.assetcatalog; path = Assets.xcassets; sourceTree = "<group>"; };
		4C816C941BF82FB200A6D930 /* Base */ = {isa = PBXFileReference; lastKnownFileType = file.storyboard; name = Base; path = Base.lproj/LaunchScreen.storyboard; sourceTree = "<group>"; };
		4C816C961BF82FB200A6D930 /* Info.plist */ = {isa = PBXFileReference; lastKnownFileType = text.plist.xml; path = Info.plist; sourceTree = "<group>"; };
		4C816C9B1BF82FB200A6D930 /* Url ShortenerTests.xctest */ = {isa = PBXFileReference; explicitFileType = wrapper.cfbundle; includeInIndex = 0; path = "Url ShortenerTests.xctest"; sourceTree = BUILT_PRODUCTS_DIR; };
		4C816C9F1BF82FB200A6D930 /* Url_ShortenerTests.swift */ = {isa = PBXFileReference; lastKnownFileType = sourcecode.swift; path = Url_ShortenerTests.swift; sourceTree = "<group>"; };
		4C816CA11BF82FB200A6D930 /* Info.plist */ = {isa = PBXFileReference; lastKnownFileType = text.plist.xml; path = Info.plist; sourceTree = "<group>"; };
		4C816CA61BF82FB200A6D930 /* Url ShortenerUITests.xctest */ = {isa = PBXFileReference; explicitFileType = wrapper.cfbundle; includeInIndex = 0; path = "Url ShortenerUITests.xctest"; sourceTree = BUILT_PRODUCTS_DIR; };
		4C816CAA1BF82FB200A6D930 /* Url_ShortenerUITests.swift */ = {isa = PBXFileReference; lastKnownFileType = sourcecode.swift; path = Url_ShortenerUITests.swift; sourceTree = "<group>"; };
		4C816CAC1BF82FB200A6D930 /* Info.plist */ = {isa = PBXFileReference; lastKnownFileType = text.plist.xml; path = Info.plist; sourceTree = "<group>"; };
		4C816CB81BF835F800A6D930 /* Alamofire.framework */ = {isa = PBXFileReference; lastKnownFileType = wrapper.framework; name = Alamofire.framework; path = "Pods/../build/Debug-iphoneos/Alamofire.framework"; sourceTree = "<group>"; };
		4CA191181BF8406D002C5124 /* Url.swift */ = {isa = PBXFileReference; fileEncoding = 4; lastKnownFileType = sourcecode.swift; path = Url.swift; sourceTree = "<group>"; };
		4CA191201BF84BF0002C5124 /* UrlTableCell.xib */ = {isa = PBXFileReference; fileEncoding = 4; lastKnownFileType = file.xib; path = UrlTableCell.xib; sourceTree = "<group>"; };
		4CA191221BF84BFC002C5124 /* UrlTableCell.swift */ = {isa = PBXFileReference; fileEncoding = 4; lastKnownFileType = sourcecode.swift; path = UrlTableCell.swift; sourceTree = "<group>"; };
		8A06BBD7593559AB3AE22E70 /* Pods_Url_Shortener.framework */ = {isa = PBXFileReference; explicitFileType = wrapper.framework; includeInIndex = 0; path = Pods_Url_Shortener.framework; sourceTree = BUILT_PRODUCTS_DIR; };
		8B89962A7B1BEF2EA9E7FAF9 /* Pods-Url Shortener.release.xcconfig */ = {isa = PBXFileReference; includeInIndex = 1; lastKnownFileType = text.xcconfig; name = "Pods-Url Shortener.release.xcconfig"; path = "Pods/Target Support Files/Pods-Url Shortener/Pods-Url Shortener.release.xcconfig"; sourceTree = "<group>"; };
		A6FEA943BB0058D7286A5877 /* Pods-Url Shortener.debug.xcconfig */ = {isa = PBXFileReference; includeInIndex = 1; lastKnownFileType = text.xcconfig; name = "Pods-Url Shortener.debug.xcconfig"; path = "Pods/Target Support Files/Pods-Url Shortener/Pods-Url Shortener.debug.xcconfig"; sourceTree = "<group>"; };
/* End PBXFileReference section */

/* Begin PBXFrameworksBuildPhase section */
		4C816C841BF82FB200A6D930 /* Frameworks */ = {
			isa = PBXFrameworksBuildPhase;
			buildActionMask = 2147483647;
			files = (
				F80CB125C297C0D40B9E5E92 /* Pods_Url_Shortener.framework in Frameworks */,
			);
			runOnlyForDeploymentPostprocessing = 0;
		};
		4C816C981BF82FB200A6D930 /* Frameworks */ = {
			isa = PBXFrameworksBuildPhase;
			buildActionMask = 2147483647;
			files = (
			);
			runOnlyForDeploymentPostprocessing = 0;
		};
		4C816CA31BF82FB200A6D930 /* Frameworks */ = {
			isa = PBXFrameworksBuildPhase;
			buildActionMask = 2147483647;
			files = (
			);
			runOnlyForDeploymentPostprocessing = 0;
		};
/* End PBXFrameworksBuildPhase section */

/* Begin PBXGroup section */
		4C816C7E1BF82FB200A6D930 = {
			isa = PBXGroup;
			children = (
				4C816C891BF82FB200A6D930 /* Url Shortener */,
				4C816C9E1BF82FB200A6D930 /* Url ShortenerTests */,
				4C816CA91BF82FB200A6D930 /* Url ShortenerUITests */,
				4C816C881BF82FB200A6D930 /* Products */,
				AEBA72CFD9B9D4F7C3965A60 /* Pods */,
				6D2DB38AFB47E271005FD897 /* Frameworks */,
			);
			sourceTree = "<group>";
		};
		4C816C881BF82FB200A6D930 /* Products */ = {
			isa = PBXGroup;
			children = (
				4C816C871BF82FB200A6D930 /* Url Shortener.app */,
				4C816C9B1BF82FB200A6D930 /* Url ShortenerTests.xctest */,
				4C816CA61BF82FB200A6D930 /* Url ShortenerUITests.xctest */,
			);
			name = Products;
			sourceTree = "<group>";
		};
		4C816C891BF82FB200A6D930 /* Url Shortener */ = {
			isa = PBXGroup;
			children = (
				4C816C8A1BF82FB200A6D930 /* AppDelegate.swift */,
				4C816C8C1BF82FB200A6D930 /* ViewController.swift */,
				4C816C8E1BF82FB200A6D930 /* Main.storyboard */,
				4C816C911BF82FB200A6D930 /* Assets.xcassets */,
				4C816C931BF82FB200A6D930 /* LaunchScreen.storyboard */,
				4C816C961BF82FB200A6D930 /* Info.plist */,
				4CA191181BF8406D002C5124 /* Url.swift */,
				4CA191201BF84BF0002C5124 /* UrlTableCell.xib */,
				4CA191221BF84BFC002C5124 /* UrlTableCell.swift */,
			);
			path = "Url Shortener";
			sourceTree = "<group>";
		};
		4C816C9E1BF82FB200A6D930 /* Url ShortenerTests */ = {
			isa = PBXGroup;
			children = (
				4C816C9F1BF82FB200A6D930 /* Url_ShortenerTests.swift */,
				4C816CA11BF82FB200A6D930 /* Info.plist */,
			);
			path = "Url ShortenerTests";
			sourceTree = "<group>";
		};
		4C816CA91BF82FB200A6D930 /* Url ShortenerUITests */ = {
			isa = PBXGroup;
			children = (
				4C816CAA1BF82FB200A6D930 /* Url_ShortenerUITests.swift */,
				4C816CAC1BF82FB200A6D930 /* Info.plist */,
			);
			path = "Url ShortenerUITests";
			sourceTree = "<group>";
		};
		6D2DB38AFB47E271005FD897 /* Frameworks */ = {
			isa = PBXGroup;
			children = (
				4C816CB81BF835F800A6D930 /* Alamofire.framework */,
				8A06BBD7593559AB3AE22E70 /* Pods_Url_Shortener.framework */,
			);
			name = Frameworks;
			sourceTree = "<group>";
		};
		AEBA72CFD9B9D4F7C3965A60 /* Pods */ = {
			isa = PBXGroup;
			children = (
				A6FEA943BB0058D7286A5877 /* Pods-Url Shortener.debug.xcconfig */,
				8B89962A7B1BEF2EA9E7FAF9 /* Pods-Url Shortener.release.xcconfig */,
			);
			name = Pods;
			sourceTree = "<group>";
		};
/* End PBXGroup section */

/* Begin PBXNativeTarget section */
		4C816C861BF82FB200A6D930 /* Url Shortener */ = {
			isa = PBXNativeTarget;
			buildConfigurationList = 4C816CAF1BF82FB200A6D930 /* Build configuration list for PBXNativeTarget "Url Shortener" */;
			buildPhases = (
				66496AAA74C253B1D508D1B6 /* Check Pods Manifest.lock */,
				4C816C831BF82FB200A6D930 /* Sources */,
				4C816C841BF82FB200A6D930 /* Frameworks */,
				4C816C851BF82FB200A6D930 /* Resources */,
				A1D80D41265ACB6A32280A2C /* Embed Pods Frameworks */,
				F35D57E44C49419347720E39 /* Copy Pods Resources */,
			);
			buildRules = (
			);
			dependencies = (
			);
			name = "Url Shortener";
			productName = "Url Shortener";
			productReference = 4C816C871BF82FB200A6D930 /* Url Shortener.app */;
			productType = "com.apple.product-type.application";
		};
		4C816C9A1BF82FB200A6D930 /* Url ShortenerTests */ = {
			isa = PBXNativeTarget;
			buildConfigurationList = 4C816CB21BF82FB200A6D930 /* Build configuration list for PBXNativeTarget "Url ShortenerTests" */;
			buildPhases = (
				4C816C971BF82FB200A6D930 /* Sources */,
				4C816C981BF82FB200A6D930 /* Frameworks */,
				4C816C991BF82FB200A6D930 /* Resources */,
			);
			buildRules = (
			);
			dependencies = (
				4C816C9D1BF82FB200A6D930 /* PBXTargetDependency */,
			);
			name = "Url ShortenerTests";
			productName = "Url ShortenerTests";
			productReference = 4C816C9B1BF82FB200A6D930 /* Url ShortenerTests.xctest */;
			productType = "com.apple.product-type.bundle.unit-test";
		};
		4C816CA51BF82FB200A6D930 /* Url ShortenerUITests */ = {
			isa = PBXNativeTarget;
			buildConfigurationList = 4C816CB51BF82FB200A6D930 /* Build configuration list for PBXNativeTarget "Url ShortenerUITests" */;
			buildPhases = (
				4C816CA21BF82FB200A6D930 /* Sources */,
				4C816CA31BF82FB200A6D930 /* Frameworks */,
				4C816CA41BF82FB200A6D930 /* Resources */,
			);
			buildRules = (
			);
			dependencies = (
				4C816CA81BF82FB200A6D930 /* PBXTargetDependency */,
			);
			name = "Url ShortenerUITests";
			productName = "Url ShortenerUITests";
			productReference = 4C816CA61BF82FB200A6D930 /* Url ShortenerUITests.xctest */;
			productType = "com.apple.product-type.bundle.ui-testing";
		};
/* End PBXNativeTarget section */

/* Begin PBXProject section */
		4C816C7F1BF82FB200A6D930 /* Project object */ = {
			isa = PBXProject;
			attributes = {
				LastSwiftUpdateCheck = 0710;
				LastUpgradeCheck = 0710;
				ORGANIZATIONNAME = "Michael Peterson";
				TargetAttributes = {
					4C816C861BF82FB200A6D930 = {
						CreatedOnToolsVersion = 7.1.1;
					};
					4C816C9A1BF82FB200A6D930 = {
						CreatedOnToolsVersion = 7.1.1;
						TestTargetID = 4C816C861BF82FB200A6D930;
					};
					4C816CA51BF82FB200A6D930 = {
						CreatedOnToolsVersion = 7.1.1;
						TestTargetID = 4C816C861BF82FB200A6D930;
					};
				};
			};
			buildConfigurationList = 4C816C821BF82FB200A6D930 /* Build configuration list for PBXProject "Url Shortener" */;
			compatibilityVersion = "Xcode 3.2";
			developmentRegion = English;
			hasScannedForEncodings = 0;
			knownRegions = (
				en,
				Base,
			);
			mainGroup = 4C816C7E1BF82FB200A6D930;
			productRefGroup = 4C816C881BF82FB200A6D930 /* Products */;
			projectDirPath = "";
			projectRoot = "";
			targets = (
				4C816C861BF82FB200A6D930 /* Url Shortener */,
				4C816C9A1BF82FB200A6D930 /* Url ShortenerTests */,
				4C816CA51BF82FB200A6D930 /* Url ShortenerUITests */,
			);
		};
/* End PBXProject section */

/* Begin PBXResourcesBuildPhase section */
		4C816C851BF82FB200A6D930 /* Resources */ = {
			isa = PBXResourcesBuildPhase;
			buildActionMask = 2147483647;
			files = (
				4CA191211BF84BF0002C5124 /* UrlTableCell.xib in Resources */,
				4C816C951BF82FB200A6D930 /* LaunchScreen.storyboard in Resources */,
				4C816C921BF82FB200A6D930 /* Assets.xcassets in Resources */,
				4C816C901BF82FB200A6D930 /* Main.storyboard in Resources */,
			);
			runOnlyForDeploymentPostprocessing = 0;
		};
		4C816C991BF82FB200A6D930 /* Resources */ = {
			isa = PBXResourcesBuildPhase;
			buildActionMask = 2147483647;
			files = (
			);
			runOnlyForDeploymentPostprocessing = 0;
		};
		4C816CA41BF82FB200A6D930 /* Resources */ = {
			isa = PBXResourcesBuildPhase;
			buildActionMask = 2147483647;
			files = (
			);
			runOnlyForDeploymentPostprocessing = 0;
		};
/* End PBXResourcesBuildPhase section */

/* Begin PBXShellScriptBuildPhase section */
		66496AAA74C253B1D508D1B6 /* Check Pods Manifest.lock */ = {
			isa = PBXShellScriptBuildPhase;
			buildActionMask = 2147483647;
			files = (
			);
			inputPaths = (
			);
			name = "Check Pods Manifest.lock";
			outputPaths = (
			);
			runOnlyForDeploymentPostprocessing = 0;
			shellPath = /bin/sh;
			shellScript = "diff \"${PODS_ROOT}/../Podfile.lock\" \"${PODS_ROOT}/Manifest.lock\" > /dev/null\nif [[ $? != 0 ]] ; then\n    cat << EOM\nerror: The sandbox is not in sync with the Podfile.lock. Run 'pod install' or update your CocoaPods installation.\nEOM\n    exit 1\nfi\n";
			showEnvVarsInLog = 0;
		};
		A1D80D41265ACB6A32280A2C /* Embed Pods Frameworks */ = {
			isa = PBXShellScriptBuildPhase;
			buildActionMask = 2147483647;
			files = (
			);
			inputPaths = (
			);
			name = "Embed Pods Frameworks";
			outputPaths = (
			);
			runOnlyForDeploymentPostprocessing = 0;
			shellPath = /bin/sh;
			shellScript = "\"${SRCROOT}/Pods/Target Support Files/Pods-Url Shortener/Pods-Url Shortener-frameworks.sh\"\n";
			showEnvVarsInLog = 0;
		};
		F35D57E44C49419347720E39 /* Copy Pods Resources */ = {
			isa = PBXShellScriptBuildPhase;
			buildActionMask = 2147483647;
			files = (
			);
			inputPaths = (
			);
			name = "Copy Pods Resources";
			outputPaths = (
			);
			runOnlyForDeploymentPostprocessing = 0;
			shellPath = /bin/sh;
			shellScript = "\"${SRCROOT}/Pods/Target Support Files/Pods-Url Shortener/Pods-Url Shortener-resources.sh\"\n";
			showEnvVarsInLog = 0;
		};
/* End PBXShellScriptBuildPhase section */

/* Begin PBXSourcesBuildPhase section */
		4C816C831BF82FB200A6D930 /* Sources */ = {
			isa = PBXSourcesBuildPhase;
			buildActionMask = 2147483647;
			files = (
				4CA191231BF84BFC002C5124 /* UrlTableCell.swift in Sources */,
				4C816C8D1BF82FB200A6D930 /* ViewController.swift in Sources */,
				4CA191191BF8406D002C5124 /* Url.swift in Sources */,
				4C816C8B1BF82FB200A6D930 /* AppDelegate.swift in Sources */,
			);
			runOnlyForDeploymentPostprocessing = 0;
		};
		4C816C971BF82FB200A6D930 /* Sources */ = {
			isa = PBXSourcesBuildPhase;
			buildActionMask = 2147483647;
			files = (
				4C816CA01BF82FB200A6D930 /* Url_ShortenerTests.swift in Sources */,
			);
			runOnlyForDeploymentPostprocessing = 0;
		};
		4C816CA21BF82FB200A6D930 /* Sources */ = {
			isa = PBXSourcesBuildPhase;
			buildActionMask = 2147483647;
			files = (
				4C816CAB1BF82FB200A6D930 /* Url_ShortenerUITests.swift in Sources */,
			);
			runOnlyForDeploymentPostprocessing = 0;
		};
/* End PBXSourcesBuildPhase section */

/* Begin PBXTargetDependency section */
		4C816C9D1BF82FB200A6D930 /* PBXTargetDependency */ = {
			isa = PBXTargetDependency;
			target = 4C816C861BF82FB200A6D930 /* Url Shortener */;
			targetProxy = 4C816C9C1BF82FB200A6D930 /* PBXContainerItemProxy */;
		};
		4C816CA81BF82FB200A6D930 /* PBXTargetDependency */ = {
			isa = PBXTargetDependency;
			target = 4C816C861BF82FB200A6D930 /* Url Shortener */;
			targetProxy = 4C816CA71BF82FB200A6D930 /* PBXContainerItemProxy */;
		};
/* End PBXTargetDependency section */

/* Begin PBXVariantGroup section */
		4C816C8E1BF82FB200A6D930 /* Main.storyboard */ = {
			isa = PBXVariantGroup;
			children = (
				4C816C8F1BF82FB200A6D930 /* Base */,
			);
			name = Main.storyboard;
			sourceTree = "<group>";
		};
		4C816C931BF82FB200A6D930 /* LaunchScreen.storyboard */ = {
			isa = PBXVariantGroup;
			children = (
				4C816C941BF82FB200A6D930 /* Base */,
			);
			name = LaunchScreen.storyboard;
			sourceTree = "<group>";
		};
/* End PBXVariantGroup section */

/* Begin XCBuildConfiguration section */
		4C816CAD1BF82FB200A6D930 /* Debug */ = {
			isa = XCBuildConfiguration;
			buildSettings = {
				ALWAYS_SEARCH_USER_PATHS = NO;
				CLANG_CXX_LANGUAGE_STANDARD = "gnu++0x";
				CLANG_CXX_LIBRARY = "libc++";
				CLANG_ENABLE_MODULES = YES;
				CLANG_ENABLE_OBJC_ARC = YES;
				CLANG_WARN_BOOL_CONVERSION = YES;
				CLANG_WARN_CONSTANT_CONVERSION = YES;
				CLANG_WARN_DIRECT_OBJC_ISA_USAGE = YES_ERROR;
				CLANG_WARN_EMPTY_BODY = YES;
				CLANG_WARN_ENUM_CONVERSION = YES;
				CLANG_WARN_INT_CONVERSION = YES;
				CLANG_WARN_OBJC_ROOT_CLASS = YES_ERROR;
				CLANG_WARN_UNREACHABLE_CODE = YES;
				CLANG_WARN__DUPLICATE_METHOD_MATCH = YES;
				"CODE_SIGN_IDENTITY[sdk=iphoneos*]" = "iPhone Developer";
				COPY_PHASE_STRIP = NO;
				DEBUG_INFORMATION_FORMAT = dwarf;
				ENABLE_STRICT_OBJC_MSGSEND = YES;
				ENABLE_TESTABILITY = YES;
				GCC_C_LANGUAGE_STANDARD = gnu99;
				GCC_DYNAMIC_NO_PIC = NO;
				GCC_NO_COMMON_BLOCKS = YES;
				GCC_OPTIMIZATION_LEVEL = 0;
				GCC_PREPROCESSOR_DEFINITIONS = (
					"DEBUG=1",
					"$(inherited)",
				);
				GCC_WARN_64_TO_32_BIT_CONVERSION = YES;
				GCC_WARN_ABOUT_RETURN_TYPE = YES_ERROR;
				GCC_WARN_UNDECLARED_SELECTOR = YES;
				GCC_WARN_UNINITIALIZED_AUTOS = YES_AGGRESSIVE;
				GCC_WARN_UNUSED_FUNCTION = YES;
				GCC_WARN_UNUSED_VARIABLE = YES;
				IPHONEOS_DEPLOYMENT_TARGET = 9.1;
				MTL_ENABLE_DEBUG_INFO = YES;
				ONLY_ACTIVE_ARCH = YES;
				SDKROOT = iphoneos;
				SWIFT_OPTIMIZATION_LEVEL = "-Onone";
				TARGETED_DEVICE_FAMILY = "1,2";
			};
			name = Debug;
		};
		4C816CAE1BF82FB200A6D930 /* Release */ = {
			isa = XCBuildConfiguration;
			buildSettings = {
				ALWAYS_SEARCH_USER_PATHS = NO;
				CLANG_CXX_LANGUAGE_STANDARD = "gnu++0x";
				CLANG_CXX_LIBRARY = "libc++";
				CLANG_ENABLE_MODULES = YES;
				CLANG_ENABLE_OBJC_ARC = YES;
				CLANG_WARN_BOOL_CONVERSION = YES;
				CLANG_WARN_CONSTANT_CONVERSION = YES;
				CLANG_WARN_DIRECT_OBJC_ISA_USAGE = YES_ERROR;
				CLANG_WARN_EMPTY_BODY = YES;
				CLANG_WARN_ENUM_CONVERSION = YES;
				CLANG_WARN_INT_CONVERSION = YES;
				CLANG_WARN_OBJC_ROOT_CLASS = YES_ERROR;
				CLANG_WARN_UNREACHABLE_CODE = YES;
				CLANG_WARN__DUPLICATE_METHOD_MATCH = YES;
				"CODE_SIGN_IDENTITY[sdk=iphoneos*]" = "iPhone Developer";
				COPY_PHASE_STRIP = NO;
				DEBUG_INFORMATION_FORMAT = "dwarf-with-dsym";
				ENABLE_NS_ASSERTIONS = NO;
				ENABLE_STRICT_OBJC_MSGSEND = YES;
				GCC_C_LANGUAGE_STANDARD = gnu99;
				GCC_NO_COMMON_BLOCKS = YES;
				GCC_WARN_64_TO_32_BIT_CONVERSION = YES;
				GCC_WARN_ABOUT_RETURN_TYPE = YES_ERROR;
				GCC_WARN_UNDECLARED_SELECTOR = YES;
				GCC_WARN_UNINITIALIZED_AUTOS = YES_AGGRESSIVE;
				GCC_WARN_UNUSED_FUNCTION = YES;
				GCC_WARN_UNUSED_VARIABLE = YES;
				IPHONEOS_DEPLOYMENT_TARGET = 9.1;
				MTL_ENABLE_DEBUG_INFO = NO;
				SDKROOT = iphoneos;
				TARGETED_DEVICE_FAMILY = "1,2";
				VALIDATE_PRODUCT = YES;
			};
			name = Release;
		};
		4C816CB01BF82FB200A6D930 /* Debug */ = {
			isa = XCBuildConfiguration;
			baseConfigurationReference = A6FEA943BB0058D7286A5877 /* Pods-Url Shortener.debug.xcconfig */;
			buildSettings = {
				ASSETCATALOG_COMPILER_APPICON_NAME = AppIcon;
				FRAMEWORK_SEARCH_PATHS = (
					"$(inherited)",
					"$(PROJECT_DIR)/build/Debug-iphoneos",
				);
				INFOPLIST_FILE = "Url Shortener/Info.plist";
				LD_RUNPATH_SEARCH_PATHS = "$(inherited) @executable_path/Frameworks";
				PRODUCT_BUNDLE_IDENTIFIER = "michael.Url-Shortener";
				PRODUCT_NAME = "$(TARGET_NAME)";
			};
			name = Debug;
		};
		4C816CB11BF82FB200A6D930 /* Release */ = {
			isa = XCBuildConfiguration;
			baseConfigurationReference = 8B89962A7B1BEF2EA9E7FAF9 /* Pods-Url Shortener.release.xcconfig */;
			buildSettings = {
				ASSETCATALOG_COMPILER_APPICON_NAME = AppIcon;
				FRAMEWORK_SEARCH_PATHS = (
					"$(inherited)",
					"$(PROJECT_DIR)/build/Debug-iphoneos",
				);
				INFOPLIST_FILE = "Url Shortener/Info.plist";
				LD_RUNPATH_SEARCH_PATHS = "$(inherited) @executable_path/Frameworks";
				PRODUCT_BUNDLE_IDENTIFIER = "michael.Url-Shortener";
				PRODUCT_NAME = "$(TARGET_NAME)";
			};
			name = Release;
		};
		4C816CB31BF82FB200A6D930 /* Debug */ = {
			isa = XCBuildConfiguration;
			buildSettings = {
				BUNDLE_LOADER = "$(TEST_HOST)";
				INFOPLIST_FILE = "Url ShortenerTests/Info.plist";
				LD_RUNPATH_SEARCH_PATHS = "$(inherited) @executable_path/Frameworks @loader_path/Frameworks";
				PRODUCT_BUNDLE_IDENTIFIER = "michael.Url-ShortenerTests";
				PRODUCT_NAME = "$(TARGET_NAME)";
				TEST_HOST = "$(BUILT_PRODUCTS_DIR)/Url Shortener.app/Url Shortener";
			};
			name = Debug;
		};
		4C816CB41BF82FB200A6D930 /* Release */ = {
			isa = XCBuildConfiguration;
			buildSettings = {
				BUNDLE_LOADER = "$(TEST_HOST)";
				INFOPLIST_FILE = "Url ShortenerTests/Info.plist";
				LD_RUNPATH_SEARCH_PATHS = "$(inherited) @executable_path/Frameworks @loader_path/Frameworks";
				PRODUCT_BUNDLE_IDENTIFIER = "michael.Url-ShortenerTests";
				PRODUCT_NAME = "$(TARGET_NAME)";
				TEST_HOST = "$(BUILT_PRODUCTS_DIR)/Url Shortener.app/Url Shortener";
			};
			name = Release;
		};
		4C816CB61BF82FB200A6D930 /* Debug */ = {
			isa = XCBuildConfiguration;
			buildSettings = {
				INFOPLIST_FILE = "Url ShortenerUITests/Info.plist";
				LD_RUNPATH_SEARCH_PATHS = "$(inherited) @executable_path/Frameworks @loader_path/Frameworks";
				PRODUCT_BUNDLE_IDENTIFIER = "michael.Url-ShortenerUITests";
				PRODUCT_NAME = "$(TARGET_NAME)";
				TEST_TARGET_NAME = "Url Shortener";
				USES_XCTRUNNER = YES;
			};
			name = Debug;
		};
		4C816CB71BF82FB200A6D930 /* Release */ = {
			isa = XCBuildConfiguration;
			buildSettings = {
				INFOPLIST_FILE = "Url ShortenerUITests/Info.plist";
				LD_RUNPATH_SEARCH_PATHS = "$(inherited) @executable_path/Frameworks @loader_path/Frameworks";
				PRODUCT_BUNDLE_IDENTIFIER = "michael.Url-ShortenerUITests";
				PRODUCT_NAME = "$(TARGET_NAME)";
				TEST_TARGET_NAME = "Url Shortener";
				USES_XCTRUNNER = YES;
			};
			name = Release;
		};
/* End XCBuildConfiguration section */

/* Begin XCConfigurationList section */
		4C816C821BF82FB200A6D930 /* Build configuration list for PBXProject "Url Shortener" */ = {
			isa = XCConfigurationList;
			buildConfigurations = (
				4C816CAD1BF82FB200A6D930 /* Debug */,
				4C816CAE1BF82FB200A6D930 /* Release */,
			);
			defaultConfigurationIsVisible = 0;
			defaultConfigurationName = Release;
		};
		4C816CAF1BF82FB200A6D930 /* Build configuration list for PBXNativeTarget "Url Shortener" */ = {
			isa = XCConfigurationList;
			buildConfigurations = (
				4C816CB01BF82FB200A6D930 /* Debug */,
				4C816CB11BF82FB200A6D930 /* Release */,
			);
			defaultConfigurationIsVisible = 0;
			defaultConfigurationName = Release;
		};
		4C816CB21BF82FB200A6D930 /* Build configuration list for PBXNativeTarget "Url ShortenerTests" */ = {
			isa = XCConfigurationList;
			buildConfigurations = (
				4C816CB31BF82FB200A6D930 /* Debug */,
				4C816CB41BF82FB200A6D930 /* Release */,
			);
			defaultConfigurationIsVisible = 0;
			defaultConfigurationName = Release;
		};
		4C816CB51BF82FB200A6D930 /* Build configuration list for PBXNativeTarget "Url ShortenerUITests" */ = {
			isa = XCConfigurationList;
			buildConfigurations = (
				4C816CB61BF82FB200A6D930 /* Debug */,
				4C816CB71BF82FB200A6D930 /* Release */,
			);
			defaultConfigurationIsVisible = 0;
			defaultConfigurationName = Release;
		};
/* End XCConfigurationList section */
	};
	rootObject = 4C816C7F1BF82FB200A6D930 /* Project object */;
}
